
Microsoft Visual Studio Solution File, Format Version 12.00
# Visual Studio Version 17
VisualStudioVersion = 17.10.34928.147
MinimumVisualStudioVersion = 10.0.40219.1
Project("{FAE04EC0-301F-11D3-BF4B-00C04F79EFBC}") = "EventManagement", "EventManagement\EventManagement.csproj", "{7C267EA9-A5E9-45FB-A2E1-15EC8032585E}"
EndProject
Global
	GlobalSection(SolutionConfigurationPlatforms) = preSolution
		Debug|Any CPU = Debug|Any CPU
		Release|Any CPU = Release|Any CPU
	EndGlobalSection
	GlobalSection(ProjectConfigurationPlatforms) = postSolution
		{7C267EA9-A5E9-45FB-A2E1-15EC8032585E}.Debug|Any CPU.ActiveCfg = Debug|Any CPU
		{7C267EA9-A5E9-45FB-A2E1-15EC8032585E}.Debug|Any CPU.Build.0 = Debug|Any CPU
		{7C267EA9-A5E9-45FB-A2E1-15EC8032585E}.Release|Any CPU.ActiveCfg = Release|Any CPU
		{7C267EA9-A5E9-45FB-A2E1-15EC8032585E}.Release|Any CPU.Build.0 = Release|Any CPU
	EndGlobalSection
	GlobalSection(SolutionProperties) = preSolution
		HideSolutionNode = FALSE
	EndGlobalSection
	GlobalSection(ExtensibilityGlobals) = postSolution
		SolutionGuid = {7FEF3CFF-1316-41B3-AF1C-D8DFF2BEC60B}
	EndGlobalSection
EndGlobal
